# This file is automatically @generated by Cargo.
# It is not intended for manual editing.
version = 4

[[package]]
name = "anstyle"
version = "1.0.11"
source = "registry+https://github.com/rust-lang/crates.io-index"
checksum = "862ed96ca487e809f1c8e5a8447f6ee2cf102f846893800b20cebdf541fc6bbd"

[[package]]
name = "anyhow"
version = "1.0.100"
source = "registry+https://github.com/rust-lang/crates.io-index"
checksum = "a23eb6b1614318a8071c9b2521f36b424b2c83db5eb3a0fead4a6c0809af6e61"

[[package]]
name = "arrayvec"
version = "0.7.6"
source = "registry+https://github.com/rust-lang/crates.io-index"
checksum = "7c02d123df017efcdfbd739ef81735b36c5ba83ec3c59c80a9d7ecc718f92e50"

[[package]]
name = "askama"
version = "0.13.1"
source = "registry+https://github.com/rust-lang/crates.io-index"
checksum = "5d4744ed2eef2645831b441d8f5459689ade2ab27c854488fbab1fbe94fce1a7"
dependencies = [
 "askama_derive",
 "itoa",
 "percent-encoding",
 "serde",
 "serde_json",
]

[[package]]
name = "askama_derive"
version = "0.13.1"
source = "registry+https://github.com/rust-lang/crates.io-index"
checksum = "d661e0f57be36a5c14c48f78d09011e67e0cb618f269cca9f2fd8d15b68c46ac"
dependencies = [
 "askama_parser",
 "basic-toml",
 "memchr",
 "proc-macro2",
 "quote",
 "rustc-hash",
 "serde",
 "serde_derive",
 "syn",
]

[[package]]
name = "askama_parser"
version = "0.13.0"
source = "registry+https://github.com/rust-lang/crates.io-index"
checksum = "cf315ce6524c857bb129ff794935cf6d42c82a6cff60526fe2a63593de4d0d4f"
dependencies = [
 "memchr",
 "serde",
 "serde_derive",
 "winnow",
]

[[package]]
name = "autocfg"
version = "1.5.0"
source = "registry+https://github.com/rust-lang/crates.io-index"
checksum = "c08606f8c3cbf4ce6ec8e28fb0014a2c086708fe954eaa885384a6165172e7e8"

[[package]]
name = "base58ck"
version = "0.1.0"
source = "registry+https://github.com/rust-lang/crates.io-index"
checksum = "2c8d66485a3a2ea485c1913c4572ce0256067a5377ac8c75c4960e1cda98605f"
dependencies = [
 "bitcoin-internals 0.3.0",
 "bitcoin_hashes 0.14.0",
]

[[package]]
name = "basic-toml"
version = "0.1.10"
source = "registry+https://github.com/rust-lang/crates.io-index"
checksum = "ba62675e8242a4c4e806d12f11d136e626e6c8361d6b829310732241652a178a"
dependencies = [
 "serde",
]

[[package]]
name = "bech32"
version = "0.11.0"
source = "registry+https://github.com/rust-lang/crates.io-index"
checksum = "d965446196e3b7decd44aa7ee49e31d630118f90ef12f97900f262eb915c951d"

[[package]]
name = "bip39"
version = "2.2.0"
source = "registry+https://github.com/rust-lang/crates.io-index"
checksum = "43d193de1f7487df1914d3a568b772458861d33f9c54249612cc2893d6915054"
dependencies = [
 "bitcoin_hashes 0.13.0",
 "rand",
 "rand_core",
 "serde",
 "unicode-normalization",
]

[[package]]
name = "bitcoin"
version = "0.32.7"
source = "registry+https://github.com/rust-lang/crates.io-index"
checksum = "0fda569d741b895131a88ee5589a467e73e9c4718e958ac9308e4f7dc44b6945"
dependencies = [
 "base58ck",
 "bech32",
 "bitcoin-internals 0.3.0",
 "bitcoin-io",
 "bitcoin-units",
 "bitcoin_hashes 0.14.0",
 "hex-conservative 0.2.1",
 "hex_lit",
 "secp256k1",
 "serde",
]

[[package]]
name = "bitcoin-internals"
version = "0.2.0"
source = "registry+https://github.com/rust-lang/crates.io-index"
checksum = "9425c3bf7089c983facbae04de54513cce73b41c7f9ff8c845b54e7bc64ebbfb"

[[package]]
name = "bitcoin-internals"
version = "0.3.0"
source = "registry+https://github.com/rust-lang/crates.io-index"
checksum = "30bdbe14aa07b06e6cfeffc529a1f099e5fbe249524f8125358604df99a4bed2"
dependencies = [
 "serde",
]

[[package]]
name = "bitcoin-io"
version = "0.1.3"
source = "registry+https://github.com/rust-lang/crates.io-index"
checksum = "0b47c4ab7a93edb0c7198c5535ed9b52b63095f4e9b45279c6736cec4b856baf"

[[package]]
name = "bitcoin-private"
version = "0.1.0"
source = "registry+https://github.com/rust-lang/crates.io-index"
checksum = "73290177011694f38ec25e165d0387ab7ea749a4b81cd4c80dae5988229f7a57"

[[package]]
name = "bitcoin-units"
version = "0.1.2"
source = "registry+https://github.com/rust-lang/crates.io-index"
checksum = "5285c8bcaa25876d07f37e3d30c303f2609179716e11d688f51e8f1fe70063e2"
dependencies = [
 "bitcoin-internals 0.3.0",
 "serde",
]

[[package]]
name = "bitcoin_hashes"
version = "0.13.0"
source = "registry+https://github.com/rust-lang/crates.io-index"
checksum = "1930a4dabfebb8d7d9992db18ebe3ae2876f0a305fab206fd168df931ede293b"
dependencies = [
 "bitcoin-internals 0.2.0",
 "hex-conservative 0.1.2",
]

[[package]]
name = "bitcoin_hashes"
version = "0.14.0"
source = "registry+https://github.com/rust-lang/crates.io-index"
checksum = "bb18c03d0db0247e147a21a6faafd5a7eb851c743db062de72018b6b7e8e4d16"
dependencies = [
 "bitcoin-io",
 "hex-conservative 0.2.1",
 "serde",
]

[[package]]
name = "bitflags"
version = "2.9.4"
source = "registry+https://github.com/rust-lang/crates.io-index"
checksum = "2261d10cca569e4643e526d8dc2e62e433cc8aba21ab764233731f8d369bf394"

[[package]]
name = "bytes"
version = "1.10.1"
source = "registry+https://github.com/rust-lang/crates.io-index"
checksum = "d71b6127be86fdcfddb610f7182ac57211d4b18a3e9c82eb2d17662f2227ad6a"

[[package]]
name = "camino"
version = "1.2.0"
source = "registry+https://github.com/rust-lang/crates.io-index"
checksum = "e1de8bc0aa9e9385ceb3bf0c152e3a9b9544f6c4a912c8ae504e80c1f0368603"
dependencies = [
 "serde_core",
]

[[package]]
name = "cargo-platform"
version = "0.1.9"
source = "registry+https://github.com/rust-lang/crates.io-index"
checksum = "e35af189006b9c0f00a064685c727031e3ed2d8020f7ba284d78cc2671bd36ea"
dependencies = [
 "serde",
]

[[package]]
name = "cargo_metadata"
version = "0.19.2"
source = "registry+https://github.com/rust-lang/crates.io-index"
checksum = "dd5eb614ed4c27c5d706420e4320fbe3216ab31fa1c33cd8246ac36dae4479ba"
dependencies = [
 "camino",
 "cargo-platform",
 "semver",
 "serde",
 "serde_json",
 "thiserror",
]

[[package]]
name = "cc"
version = "1.2.38"
source = "registry+https://github.com/rust-lang/crates.io-index"
checksum = "80f41ae168f955c12fb8960b057d70d0ca153fb83182b57d86380443527be7e9"
dependencies = [
 "find-msvc-tools",
 "shlex",
]

[[package]]
name = "cfg-if"
version = "1.0.3"
source = "registry+https://github.com/rust-lang/crates.io-index"
checksum = "2fd1289c04a9ea8cb22300a459a72a385d7c73d3259e2ed7dcb2af674838cfa9"

[[package]]
name = "clap"
version = "4.5.48"
source = "registry+https://github.com/rust-lang/crates.io-index"
checksum = "e2134bb3ea021b78629caa971416385309e0131b351b25e01dc16fb54e1b5fae"
dependencies = [
 "clap_builder",
 "clap_derive",
]

[[package]]
name = "clap_builder"
version = "4.5.48"
source = "registry+https://github.com/rust-lang/crates.io-index"
checksum = "c2ba64afa3c0a6df7fa517765e31314e983f51dda798ffba27b988194fb65dc9"
dependencies = [
 "anstyle",
 "clap_lex",
 "strsim",
]

[[package]]
name = "clap_derive"
version = "4.5.47"
source = "registry+https://github.com/rust-lang/crates.io-index"
checksum = "bbfd7eae0b0f1a6e63d4b13c9c478de77c2eb546fba158ad50b4203dc24b9f9c"
dependencies = [
 "heck",
 "proc-macro2",
 "quote",
 "syn",
]

[[package]]
name = "clap_lex"
version = "0.7.5"
source = "registry+https://github.com/rust-lang/crates.io-index"
checksum = "b94f61472cee1439c0b966b47e3aca9ae07e45d070759512cd390ea2bebc6675"

[[package]]
name = "ddk-dlc"
version = "1.0.4"
source = "registry+https://github.com/rust-lang/crates.io-index"
checksum = "3a1ed0a9290697d2f9d2277f5c5ef5fbc1f3df200daf72e27e2da35f6121b114"
dependencies = [
 "bitcoin",
 "miniscript",
 "secp256k1-sys",
 "secp256k1-zkp",
 "serde",
]

[[package]]
name = "ddk_ffi"
version = "0.3.32"
dependencies = [
 "bip39",
 "bitcoin",
 "ddk-dlc",
 "secp256k1-zkp",
 "thiserror",
 "uniffi",
]

[[package]]
name = "equivalent"
version = "1.0.2"
source = "registry+https://github.com/rust-lang/crates.io-index"
checksum = "877a4ace8713b0bcf2a4e7eec82529c029f1d0619886d18145fea96c3ffe5c0f"

[[package]]
name = "errno"
version = "0.3.14"
source = "registry+https://github.com/rust-lang/crates.io-index"
checksum = "39cab71617ae0d63f51a36d69f866391735b51691dbda63cf6f96d042b63efeb"
dependencies = [
 "libc",
 "windows-sys",
]

[[package]]
name = "fastrand"
version = "2.3.0"
source = "registry+https://github.com/rust-lang/crates.io-index"
checksum = "37909eebbb50d72f9059c3b6d82c0463f2ff062c9e95845c43a6c9c0355411be"

[[package]]
name = "find-msvc-tools"
version = "0.1.2"
source = "registry+https://github.com/rust-lang/crates.io-index"
checksum = "1ced73b1dacfc750a6db6c0a0c3a3853c8b41997e2e2c563dc90804ae6867959"

[[package]]
name = "fs-err"
version = "2.11.0"
source = "registry+https://github.com/rust-lang/crates.io-index"
checksum = "88a41f105fe1d5b6b34b2055e3dc59bb79b46b48b2040b9e6c7b4b5de097aa41"
dependencies = [
 "autocfg",
]

[[package]]
name = "getrandom"
version = "0.2.16"
source = "registry+https://github.com/rust-lang/crates.io-index"
checksum = "335ff9f135e4384c8150d6f27c6daed433577f86b4750418338c01a1a2528592"
dependencies = [
 "cfg-if",
 "libc",
 "wasi 0.11.1+wasi-snapshot-preview1",
]

[[package]]
name = "getrandom"
version = "0.3.3"
source = "registry+https://github.com/rust-lang/crates.io-index"
checksum = "26145e563e54f2cadc477553f1ec5ee650b00862f0a58bcd12cbdc5f0ea2d2f4"
dependencies = [
 "cfg-if",
 "libc",
 "r-efi",
 "wasi 0.14.7+wasi-0.2.4",
]

[[package]]
name = "glob"
version = "0.3.3"
source = "registry+https://github.com/rust-lang/crates.io-index"
checksum = "0cc23270f6e1808e30a928bdc84dea0b9b4136a8bc82338574f23baf47bbd280"

[[package]]
name = "goblin"
version = "0.8.2"
source = "registry+https://github.com/rust-lang/crates.io-index"
checksum = "1b363a30c165f666402fe6a3024d3bec7ebc898f96a4a23bd1c99f8dbf3f4f47"
dependencies = [
 "log",
 "plain",
 "scroll",
]

[[package]]
name = "hashbrown"
version = "0.16.0"
source = "registry+https://github.com/rust-lang/crates.io-index"
checksum = "5419bdc4f6a9207fbeba6d11b604d481addf78ecd10c11ad51e76c2f6482748d"

[[package]]
name = "heck"
version = "0.5.0"
source = "registry+https://github.com/rust-lang/crates.io-index"
checksum = "2304e00983f87ffb38b55b444b5e3b60a884b5d30c0fca7d82fe33449bbe55ea"

[[package]]
name = "hex-conservative"
version = "0.1.2"
source = "registry+https://github.com/rust-lang/crates.io-index"
checksum = "212ab92002354b4819390025006c897e8140934349e8635c9b077f47b4dcbd20"

[[package]]
name = "hex-conservative"
version = "0.2.1"
source = "registry+https://github.com/rust-lang/crates.io-index"
checksum = "5313b072ce3c597065a808dbf612c4c8e8590bdbf8b579508bf7a762c5eae6cd"
dependencies = [
 "arrayvec",
]

[[package]]
name = "hex_lit"
version = "0.1.1"
source = "registry+https://github.com/rust-lang/crates.io-index"
checksum = "3011d1213f159867b13cfd6ac92d2cd5f1345762c63be3554e84092d85a50bbd"

[[package]]
name = "indexmap"
version = "2.11.4"
source = "registry+https://github.com/rust-lang/crates.io-index"
checksum = "4b0f83760fb341a774ed326568e19f5a863af4a952def8c39f9ab92fd95b88e5"
dependencies = [
 "equivalent",
 "hashbrown",
]

[[package]]
name = "itoa"
version = "1.0.15"
source = "registry+https://github.com/rust-lang/crates.io-index"
checksum = "4a5f13b858c8d314ee3e8f639011f7ccefe71f97f96e50151fb991f267928e2c"

[[package]]
name = "libc"
version = "0.2.176"
source = "registry+https://github.com/rust-lang/crates.io-index"
checksum = "58f929b4d672ea937a23a1ab494143d968337a5f47e56d0815df1e0890ddf174"

[[package]]
name = "linux-raw-sys"
version = "0.11.0"
source = "registry+https://github.com/rust-lang/crates.io-index"
checksum = "df1d3c3b53da64cf5760482273a98e575c651a67eec7f77df96b5b642de8f039"

[[package]]
name = "log"
version = "0.4.28"
source = "registry+https://github.com/rust-lang/crates.io-index"
checksum = "34080505efa8e45a4b816c349525ebe327ceaa8559756f0356cba97ef3bf7432"

[[package]]
name = "memchr"
version = "2.7.5"
source = "registry+https://github.com/rust-lang/crates.io-index"
checksum = "32a282da65faaf38286cf3be983213fcf1d2e2a58700e808f83f4ea9a4804bc0"

[[package]]
name = "minimal-lexical"
version = "0.2.1"
source = "registry+https://github.com/rust-lang/crates.io-index"
checksum = "68354c5c6bd36d73ff3feceb05efa59b6acb7626617f4962be322a825e61f79a"

[[package]]
name = "miniscript"
version = "12.3.5"
source = "registry+https://github.com/rust-lang/crates.io-index"
checksum = "487906208f38448e186e3deb02f2b8ef046a9078b0de00bdb28bf4fb9b76951c"
dependencies = [
 "bech32",
 "bitcoin",
]

[[package]]
name = "nom"
version = "7.1.3"
source = "registry+https://github.com/rust-lang/crates.io-index"
checksum = "d273983c5a657a70a3e8f2a01329822f3b8c8172b73826411a55751e404a0a4a"
dependencies = [
 "memchr",
 "minimal-lexical",
]

[[package]]
name = "once_cell"
version = "1.21.3"
source = "registry+https://github.com/rust-lang/crates.io-index"
checksum = "42f5e15c9953c5e4ccceeb2e7382a716482c34515315f7b03532b8b4e8393d2d"

[[package]]
name = "percent-encoding"
version = "2.3.2"
source = "registry+https://github.com/rust-lang/crates.io-index"
checksum = "9b4f627cb1b25917193a259e49bdad08f671f8d9708acfd5fe0a8c1455d87220"

[[package]]
name = "plain"
version = "0.2.3"
source = "registry+https://github.com/rust-lang/crates.io-index"
checksum = "b4596b6d070b27117e987119b4dac604f3c58cfb0b191112e24771b2faeac1a6"

[[package]]
name = "ppv-lite86"
version = "0.2.21"
source = "registry+https://github.com/rust-lang/crates.io-index"
checksum = "85eae3c4ed2f50dcfe72643da4befc30deadb458a9b590d720cde2f2b1e97da9"
dependencies = [
 "zerocopy",
]

[[package]]
name = "proc-macro2"
version = "1.0.101"
source = "registry+https://github.com/rust-lang/crates.io-index"
checksum = "89ae43fd86e4158d6db51ad8e2b80f313af9cc74f5c0e03ccb87de09998732de"
dependencies = [
 "unicode-ident",
]

[[package]]
name = "quote"
version = "1.0.40"
source = "registry+https://github.com/rust-lang/crates.io-index"
checksum = "1885c039570dc00dcb4ff087a89e185fd56bae234ddc7f056a945bf36467248d"
dependencies = [
 "proc-macro2",
]

[[package]]
name = "r-efi"
version = "5.3.0"
source = "registry+https://github.com/rust-lang/crates.io-index"
checksum = "69cdb34c158ceb288df11e18b4bd39de994f6657d83847bdffdbd7f346754b0f"

[[package]]
name = "rand"
version = "0.8.5"
source = "registry+https://github.com/rust-lang/crates.io-index"
checksum = "34af8d1a0e25924bc5b7c43c079c942339d8f0a8b57c39049bef581b46327404"
dependencies = [
 "libc",
 "rand_chacha",
 "rand_core",
]

[[package]]
name = "rand_chacha"
version = "0.3.1"
source = "registry+https://github.com/rust-lang/crates.io-index"
checksum = "e6c10a63a0fa32252be49d21e7709d4d4baf8d231c2dbce1eaa8141b9b127d88"
dependencies = [
 "ppv-lite86",
 "rand_core",
]

[[package]]
name = "rand_core"
version = "0.6.4"
source = "registry+https://github.com/rust-lang/crates.io-index"
checksum = "ec0be4795e2f6a28069bec0b5ff3e2ac9bafc99e6a9a7dc3547996c5c816922c"
dependencies = [
 "getrandom 0.2.16",
]

[[package]]
name = "rustc-hash"
version = "2.1.1"
source = "registry+https://github.com/rust-lang/crates.io-index"
checksum = "357703d41365b4b27c590e3ed91eabb1b663f07c4c084095e60cbed4362dff0d"

[[package]]
name = "rustix"
version = "1.1.2"
source = "registry+https://github.com/rust-lang/crates.io-index"
checksum = "cd15f8a2c5551a84d56efdc1cd049089e409ac19a3072d5037a17fd70719ff3e"
dependencies = [
 "bitflags",
 "errno",
 "libc",
 "linux-raw-sys",
 "windows-sys",
]

[[package]]
name = "ryu"
version = "1.0.20"
source = "registry+https://github.com/rust-lang/crates.io-index"
checksum = "28d3b2b1366ec20994f1fd18c3c594f05c5dd4bc44d8bb0c1c632c8d6829481f"

[[package]]
name = "scroll"
version = "0.12.0"
source = "registry+https://github.com/rust-lang/crates.io-index"
checksum = "6ab8598aa408498679922eff7fa985c25d58a90771bd6be794434c5277eab1a6"
dependencies = [
 "scroll_derive",
]

[[package]]
name = "scroll_derive"
version = "0.12.1"
source = "registry+https://github.com/rust-lang/crates.io-index"
checksum = "1783eabc414609e28a5ba76aee5ddd52199f7107a0b24c2e9746a1ecc34a683d"
dependencies = [
 "proc-macro2",
 "quote",
 "syn",
]

[[package]]
name = "secp256k1"
version = "0.29.1"
source = "registry+https://github.com/rust-lang/crates.io-index"
checksum = "9465315bc9d4566e1724f0fffcbcc446268cb522e60f9a27bcded6b19c108113"
dependencies = [
 "bitcoin_hashes 0.13.0",
 "rand",
 "secp256k1-sys",
 "serde",
]

[[package]]
name = "secp256k1-sys"
version = "0.10.1"
source = "registry+https://github.com/rust-lang/crates.io-index"
checksum = "d4387882333d3aa8cb20530a17c69a3752e97837832f34f6dccc760e715001d9"
dependencies = [
 "cc",
]

[[package]]
name = "secp256k1-zkp"
version = "0.11.0"
source = "registry+https://github.com/rust-lang/crates.io-index"
checksum = "52a44aed3002b5ae975f8624c5df3a949cfbf00479e18778b6058fcd213b76e3"
dependencies = [
 "bitcoin-private",
 "rand",
 "secp256k1",
 "secp256k1-zkp-sys",
 "serde",
]

[[package]]
name = "secp256k1-zkp-sys"
version = "0.10.1"
source = "registry+https://github.com/rust-lang/crates.io-index"
checksum = "57f08b2d0b143a22e07f798ae4f0ab20d5590d7c68e0d090f2088a48a21d1654"
dependencies = [
 "cc",
 "secp256k1-sys",
]

[[package]]
name = "semver"
version = "1.0.27"
source = "registry+https://github.com/rust-lang/crates.io-index"
checksum = "d767eb0aabc880b29956c35734170f26ed551a859dbd361d140cdbeca61ab1e2"
dependencies = [
 "serde",
 "serde_core",
]

[[package]]
name = "serde"
version = "1.0.226"
source = "registry+https://github.com/rust-lang/crates.io-index"
checksum = "0dca6411025b24b60bfa7ec1fe1f8e710ac09782dca409ee8237ba74b51295fd"
dependencies = [
 "serde_core",
 "serde_derive",
]

[[package]]
name = "serde_core"
version = "1.0.226"
source = "registry+https://github.com/rust-lang/crates.io-index"
checksum = "ba2ba63999edb9dac981fb34b3e5c0d111a69b0924e253ed29d83f7c99e966a4"
dependencies = [
 "serde_derive",
]

[[package]]
name = "serde_derive"
version = "1.0.226"
source = "registry+https://github.com/rust-lang/crates.io-index"
checksum = "8db53ae22f34573731bafa1db20f04027b2d25e02d8205921b569171699cdb33"
dependencies = [
 "proc-macro2",
 "quote",
 "syn",
]

[[package]]
name = "serde_json"
version = "1.0.145"
source = "registry+https://github.com/rust-lang/crates.io-index"
checksum = "402a6f66d8c709116cf22f558eab210f5a50187f702eb4d7e5ef38d9a7f1c79c"
dependencies = [
 "itoa",
 "memchr",
 "ryu",
 "serde",
 "serde_core",
]

[[package]]
name = "shlex"
version = "1.3.0"
source = "registry+https://github.com/rust-lang/crates.io-index"
checksum = "0fda2ff0d084019ba4d7c6f371c95d8fd75ce3524c3cb8fb653a3023f6323e64"

[[package]]
name = "siphasher"
version = "0.3.11"
source = "registry+https://github.com/rust-lang/crates.io-index"
checksum = "38b58827f4464d87d377d175e90bf58eb00fd8716ff0a62f80356b5e61555d0d"

[[package]]
name = "smawk"
version = "0.3.2"
source = "registry+https://github.com/rust-lang/crates.io-index"
checksum = "b7c388c1b5e93756d0c740965c41e8822f866621d41acbdf6336a6a168f8840c"

[[package]]
name = "static_assertions"
version = "1.1.0"
source = "registry+https://github.com/rust-lang/crates.io-index"
checksum = "a2eb9349b6444b326872e140eb1cf5e7c522154d69e7a0ffb0fb81c06b37543f"

[[package]]
name = "strsim"
version = "0.11.1"
source = "registry+https://github.com/rust-lang/crates.io-index"
checksum = "7da8b5736845d9f2fcb837ea5d9e2628564b3b043a70948a3f0b778838c5fb4f"

[[package]]
name = "syn"
version = "2.0.106"
source = "registry+https://github.com/rust-lang/crates.io-index"
checksum = "ede7c438028d4436d71104916910f5bb611972c5cfd7f89b8300a8186e6fada6"
dependencies = [
 "proc-macro2",
 "quote",
 "unicode-ident",
]

[[package]]
name = "tempfile"
version = "3.23.0"
source = "registry+https://github.com/rust-lang/crates.io-index"
checksum = "2d31c77bdf42a745371d260a26ca7163f1e0924b64afa0b688e61b5a9fa02f16"
dependencies = [
 "fastrand",
 "getrandom 0.3.3",
 "once_cell",
 "rustix",
 "windows-sys",
]

[[package]]
name = "textwrap"
version = "0.16.2"
source = "registry+https://github.com/rust-lang/crates.io-index"
checksum = "c13547615a44dc9c452a8a534638acdf07120d4b6847c8178705da06306a3057"
dependencies = [
 "smawk",
]

[[package]]
name = "thiserror"
version = "2.0.16"
source = "registry+https://github.com/rust-lang/crates.io-index"
checksum = "3467d614147380f2e4e374161426ff399c91084acd2363eaf549172b3d5e60c0"
dependencies = [
 "thiserror-impl",
]

[[package]]
name = "thiserror-impl"
version = "2.0.16"
source = "registry+https://github.com/rust-lang/crates.io-index"
checksum = "6c5e1be1c48b9172ee610da68fd9cd2770e7a4056cb3fc98710ee6906f0c7960"
dependencies = [
 "proc-macro2",
 "quote",
 "syn",
]

[[package]]
name = "tinyvec"
version = "1.10.0"
source = "registry+https://github.com/rust-lang/crates.io-index"
checksum = "bfa5fdc3bce6191a1dbc8c02d5c8bffcf557bafa17c124c5264a458f1b0613fa"
dependencies = [
 "tinyvec_macros",
]

[[package]]
name = "tinyvec_macros"
version = "0.1.1"
source = "registry+https://github.com/rust-lang/crates.io-index"
checksum = "1f3ccbac311fea05f86f61904b462b55fb3df8837a366dfc601a0161d0532f20"

[[package]]
name = "toml"
version = "0.5.11"
source = "registry+https://github.com/rust-lang/crates.io-index"
checksum = "f4f7f0dd8d50a853a531c426359045b1998f04219d88799810762cd4ad314234"
dependencies = [
 "serde",
]

[[package]]
name = "unicode-ident"
version = "1.0.19"
source = "registry+https://github.com/rust-lang/crates.io-index"
checksum = "f63a545481291138910575129486daeaf8ac54aee4387fe7906919f7830c7d9d"

[[package]]
name = "unicode-normalization"
version = "0.1.24"
source = "registry+https://github.com/rust-lang/crates.io-index"
checksum = "5033c97c4262335cded6d6fc3e5c18ab755e1a3dc96376350f3d8e9f009ad956"
dependencies = [
 "tinyvec",
]

[[package]]
name = "uniffi"
version = "0.29.4"
source = "registry+https://github.com/rust-lang/crates.io-index"
checksum = "c6d968cb62160c11f2573e6be724ef8b1b18a277aededd17033f8a912d73e2b4"
dependencies = [
 "anyhow",
 "camino",
 "cargo_metadata",
 "clap",
 "uniffi_bindgen",
 "uniffi_build",
 "uniffi_core",
 "uniffi_macros",
 "uniffi_pipeline",
]

[[package]]
name = "uniffi_bindgen"
version = "0.29.4"
source = "registry+https://github.com/rust-lang/crates.io-index"
checksum = "f6b39ef1acbe1467d5d210f274fae344cb6f8766339330cb4c9688752899bf6b"
dependencies = [
 "anyhow",
 "askama",
 "camino",
 "cargo_metadata",
 "fs-err",
 "glob",
 "goblin",
 "heck",
 "indexmap",
 "once_cell",
 "serde",
 "tempfile",
 "textwrap",
 "toml",
 "uniffi_internal_macros",
 "uniffi_meta",
 "uniffi_pipeline",
 "uniffi_udl",
]

[[package]]
name = "uniffi_build"
version = "0.29.4"
source = "registry+https://github.com/rust-lang/crates.io-index"
checksum = "6683e6b665423cddeacd89a3f97312cf400b2fb245a26f197adaf65c45d505b2"
dependencies = [
 "anyhow",
 "camino",
 "uniffi_bindgen",
]

[[package]]
name = "uniffi_core"
version = "0.29.4"
source = "registry+https://github.com/rust-lang/crates.io-index"
checksum = "c2d990b553d6b9a7ee9c3ae71134674739913d52350b56152b0e613595bb5a6f"
dependencies = [
 "anyhow",
 "bytes",
 "once_cell",
 "static_assertions",
]

[[package]]
name = "uniffi_internal_macros"
version = "0.29.4"
source = "registry+https://github.com/rust-lang/crates.io-index"
checksum = "04f4f224becf14885c10e6e400b95cc4d1985738140cb194ccc2044563f8a56b"
dependencies = [
 "anyhow",
 "indexmap",
 "proc-macro2",
 "quote",
 "syn",
]

[[package]]
name = "uniffi_macros"
version = "0.29.4"
source = "registry+https://github.com/rust-lang/crates.io-index"
checksum = "b481d385af334871d70904e6a5f129be7cd38c18fcf8dd8fd1f646b426a56d58"
dependencies = [
 "camino",
 "fs-err",
 "once_cell",
 "proc-macro2",
 "quote",
 "serde",
 "syn",
 "toml",
 "uniffi_meta",
]

[[package]]
name = "uniffi_meta"
version = "0.29.4"
source = "registry+https://github.com/rust-lang/crates.io-index"
checksum = "10f817868a3b171bb7bf259e882138d104deafde65684689b4694c846d322491"
dependencies = [
 "anyhow",
 "siphasher",
 "uniffi_internal_macros",
 "uniffi_pipeline",
]

[[package]]
name = "uniffi_pipeline"
version = "0.29.4"
source = "registry+https://github.com/rust-lang/crates.io-index"
checksum = "4b147e133ad7824e32426b90bc41fda584363563f2ba747f590eca1fd6fd14e6"
dependencies = [
 "anyhow",
 "heck",
 "indexmap",
 "tempfile",
 "uniffi_internal_macros",
]

[[package]]
name = "uniffi_udl"
version = "0.29.4"
source = "registry+https://github.com/rust-lang/crates.io-index"
checksum = "caed654fb73da5abbc7a7e9c741532284532ba4762d6fe5071372df22a41730a"
dependencies = [
 "anyhow",
 "textwrap",
 "uniffi_meta",
 "weedle2",
]

[[package]]
name = "wasi"
version = "0.11.1+wasi-snapshot-preview1"
source = "registry+https://github.com/rust-lang/crates.io-index"
checksum = "ccf3ec651a847eb01de73ccad15eb7d99f80485de043efb2f370cd654f4ea44b"

[[package]]
name = "wasi"
version = "0.14.7+wasi-0.2.4"
source = "registry+https://github.com/rust-lang/crates.io-index"
checksum = "883478de20367e224c0090af9cf5f9fa85bed63a95c1abf3afc5c083ebc06e8c"
dependencies = [
 "wasip2",
]

[[package]]
name = "wasip2"
version = "1.0.1+wasi-0.2.4"
source = "registry+https://github.com/rust-lang/crates.io-index"
checksum = "0562428422c63773dad2c345a1882263bbf4d65cf3f42e90921f787ef5ad58e7"
dependencies = [
 "wit-bindgen",
]

[[package]]
name = "weedle2"
version = "5.0.0"
source = "registry+https://github.com/rust-lang/crates.io-index"
checksum = "998d2c24ec099a87daf9467808859f9d82b61f1d9c9701251aea037f514eae0e"
dependencies = [
 "nom",
]

[[package]]
name = "windows-link"
version = "0.2.0"
source = "registry+https://github.com/rust-lang/crates.io-index"
checksum = "45e46c0661abb7180e7b9c281db115305d49ca1709ab8242adf09666d2173c65"

[[package]]
name = "windows-sys"
version = "0.61.0"
source = "registry+https://github.com/rust-lang/crates.io-index"
checksum = "e201184e40b2ede64bc2ea34968b28e33622acdbbf37104f0e4a33f7abe657aa"
dependencies = [
 "windows-link",
]

[[package]]
name = "winnow"
version = "0.7.13"
source = "registry+https://github.com/rust-lang/crates.io-index"
checksum = "21a0236b59786fed61e2a80582dd500fe61f18b5dca67a4a067d0bc9039339cf"
dependencies = [
 "memchr",
]

[[package]]
name = "wit-bindgen"
version = "0.46.0"
source = "registry+https://github.com/rust-lang/crates.io-index"
checksum = "f17a85883d4e6d00e8a97c586de764dabcc06133f7f1d55dce5cdc070ad7fe59"

[[package]]
name = "zerocopy"
version = "0.8.27"
source = "registry+https://github.com/rust-lang/crates.io-index"
checksum = "0894878a5fa3edfd6da3f88c4805f4c8558e2b996227a3d864f47fe11e38282c"
dependencies = [
 "zerocopy-derive",
]

[[package]]
name = "zerocopy-derive"
version = "0.8.27"
source = "registry+https://github.com/rust-lang/crates.io-index"
checksum = "88d2b8d9c68ad2b9e4340d7832716a4d21a22a1154777ad56ea55c51a9cf3831"
dependencies = [
 "proc-macro2",
 "quote",
 "syn",
]
